{
  "nodes": {
    "darwin": {
      "inputs": {
        "nixpkgs": [
          "nixpkgs"
        ]
      },
      "locked": {
        "lastModified": 1747138802,
        "narHash": "sha256-Ou4zV3OskaDKlkuiM2VT+1w/xceXoZ5RRM4ZuW7n5+I=",
        "owner": "lnl7",
        "repo": "nix-darwin",
        "rev": "f88be00227161a1e9369a1d199f452dd5d720feb",
        "type": "github"
      },
      "original": {
        "owner": "lnl7",
        "repo": "nix-darwin",
        "type": "github"
      }
    },
    "nix-index-database": {
      "inputs": {
        "nixpkgs": [
          "nixpkgs"
        ]
      },
      "locked": {
        "lastModified": 1746934494,
        "narHash": "sha256-3n6i+F0sDASjkhbvgFDpPDZGp7z19IrRtjfF9TwJpCA=",
        "owner": "nix-community",
        "repo": "nix-index-database",
        "rev": "e9b21b01e4307176b9718a29ac514838e7f6f4ff",
        "type": "github"
      },
      "original": {
        "owner": "nix-community",
        "repo": "nix-index-database",
        "type": "github"
      }
    },
    "nixpkgs": {
      "locked": {
        "lastModified": 1747060738,
        "narHash": "sha256-ByfPRQuqj+nhtVV0koinEpmJw0KLzNbgcgi9EF+NVow=",
        "owner": "nixos",
        "repo": "nixpkgs",
        "rev": "eaeed9530c76ce5f1d2d8232e08bec5e26f18ec1",
        "type": "github"
      },
      "original": {
        "owner": "nixos",
        "ref": "nixpkgs-unstable",
        "repo": "nixpkgs",
        "type": "github"
      }
    },
    "root": {
      "inputs": {
        "darwin": "darwin",
        "nix-index-database": "nix-index-database",
        "nixpkgs": "nixpkgs"
      }
    }
  },
  "root": "root",
  "version": 7
}
